<Project xmlns="http://schemas.microsoft.com/developer/msbuild/2003">
    <PropertyGroup>
        <ProjectGuid>{6BDF6767-BE88-404A-AABE-775193CCF9E6}</ProjectGuid>
        <MainSource>Rail.dpr</MainSource>
        <Base>True</Base>
        <Config Condition="'$(Config)'==''">Debug</Config>
        <AppType>Application</AppType>
        <FrameworkType>VCL</FrameworkType>
        <DCC_DCCCompiler>DCC32</DCC_DCCCompiler>
        <ProjectVersion>15.3</ProjectVersion>
        <Platform Condition="'$(Platform)'==''">Win32</Platform>
        <TargetedPlatforms>1</TargetedPlatforms>
    </PropertyGroup>
    <PropertyGroup Condition="'$(Config)'=='Base' or '$(Base)'!=''">
        <Base>true</Base>
    </PropertyGroup>
    <PropertyGroup Condition="('$(Platform)'=='Win32' and '$(Base)'=='true') or '$(Base_Win32)'!=''">
        <Base_Win32>true</Base_Win32>
        <CfgParent>Base</CfgParent>
        <Base>true</Base>
    </PropertyGroup>
    <PropertyGroup Condition="'$(Config)'=='Release' or '$(Cfg_1)'!=''">
        <Cfg_1>true</Cfg_1>
        <CfgParent>Base</CfgParent>
        <Base>true</Base>
    </PropertyGroup>
    <PropertyGroup Condition="'$(Config)'=='Debug' or '$(Cfg_2)'!=''">
        <Cfg_2>true</Cfg_2>
        <CfgParent>Base</CfgParent>
        <Base>true</Base>
    </PropertyGroup>
    <PropertyGroup Condition="('$(Platform)'=='Win32' and '$(Cfg_2)'=='true') or '$(Cfg_2_Win32)'!=''">
        <Cfg_2_Win32>true</Cfg_2_Win32>
        <CfgParent>Cfg_2</CfgParent>
        <Cfg_2>true</Cfg_2>
        <Base>true</Base>
    </PropertyGroup>
    <PropertyGroup Condition="'$(Base)'!=''">
        <VerInfo_Keys>CompanyName=FWP &amp; AMS Software Inc.;FileDescription=FWP&apos;&apos;s Railway Program;FileVersion=7.0.0.18;InternalName=Persephone;LegalCopyright=© 1998-2013 F.W. Pritchard &amp; A.M. Stokes. All Rights Reserved;LegalTrademarks=FWP Rail;OriginalFilename=Rail.pas;ProductName=FWP&apos;s Rail;ProductVersion=2.0;Comments=Cor! It&apos;s Brilliant!</VerInfo_Keys>
        <VerInfo_Build>18</VerInfo_Build>
        <DCC_Namespace>Vcl;Vcl.Imaging;Vcl.Touch;Vcl.Samples;Vcl.Shell;System;Xml;Data;Datasnap;Web;Soap;Winapi;Data.Win;System.Win;Androidapi;FMX;$(DCC_Namespace)</DCC_Namespace>
        <VerInfo_Locale>2057</VerInfo_Locale>
        <VerInfo_MajorVer>7</VerInfo_MajorVer>
        <VerInfo_IncludeVerInfo>true</VerInfo_IncludeVerInfo>
        <VerInfo_Debug>true</VerInfo_Debug>
        <VerInfo_AutoGenVersion>true</VerInfo_AutoGenVersion>
        <DCC_Description>Copyright © 1998-2010 F.W. Pritchard &amp; A.M. Stokes. All Rights Reserved.</DCC_Description>
        <DCC_Optimize>false</DCC_Optimize>
        <DCC_ImageBase>00400000</DCC_ImageBase>
        <DCC_ExeOutput>C:\Program Files\Borland\BDS\4.0\Projects\Rail Data Files</DCC_ExeOutput>
        <DCC_SYMBOL_PLATFORM>false</DCC_SYMBOL_PLATFORM>
        <DCC_BplOutput>C:\Program Files\Borland\bds\3.0\Projects\Bpl</DCC_BplOutput>
        <DCC_RangeChecking>true</DCC_RangeChecking>
        <DCC_K>false</DCC_K>
        <DCC_F>false</DCC_F>
        <DCC_S>false</DCC_S>
        <DCC_N>true</DCC_N>
        <DCC_SymbolReferenceInfo>1</DCC_SymbolReferenceInfo>
        <DCC_UsePackage>vcl;rtl;vclx;VclSmp;vclshlctrls;dbrtl;adortl;vcldb;qrpt;bdertl;vcldbx;dsnap;cds;bdecds;teeui;teedb;tee;teeqr;ibxpress;visualclx;visualdbclx;vclie;xmlrtl;inet;inetdbbde;inetdbxpress;inetdb;nmfast;dbexpress;dbxcds;indy;dclOffice2k;soaprtl;KeyBindingsForFWP;KeyBindings;$(DCC_UsePackage)</DCC_UsePackage>
        <DCC_E>false</DCC_E>
        <DCC_IntegerOverflowCheck>true</DCC_IntegerOverflowCheck>
    </PropertyGroup>
    <PropertyGroup Condition="'$(Base_Win32)'!=''">
        <Manifest_File>$(BDS)\bin\default_app.manifest</Manifest_File>
        <Debugger_IncludeSystemVars>true</Debugger_IncludeSystemVars>
        <VerInfo_IncludeVerInfo>true</VerInfo_IncludeVerInfo>
        <VerInfo_Keys>CompanyName=;FileDescription=;FileVersion=1.0.0.0;InternalName=;LegalCopyright=;LegalTrademarks=;OriginalFilename=;ProductName=;ProductVersion=1.0.0.0;Comments=</VerInfo_Keys>
        <Debugger_RunParams>/com:14,b:19200 /usb:15:mainport /;rdc=on /nosplash /;fds /;rd /;s /tr /test /;LOCATIONOCCUPATIONWINDOW /;runtestunit /logtime=off /w- /d+ /a-</Debugger_RunParams>
        <DCC_Namespace>Datasnap.Win;Web.Win;Soap.Win;Xml.Win;Bde;$(DCC_Namespace)</DCC_Namespace>
        <VerInfo_Locale>1033</VerInfo_Locale>
    </PropertyGroup>
    <PropertyGroup Condition="'$(Cfg_1)'!=''">
        <DCC_LocalDebugSymbols>false</DCC_LocalDebugSymbols>
        <DCC_Define>RELEASE;$(DCC_Define)</DCC_Define>
        <DCC_SymbolReferenceInfo>0</DCC_SymbolReferenceInfo>
        <DCC_DebugInformation>0</DCC_DebugInformation>
    </PropertyGroup>
    <PropertyGroup Condition="'$(Cfg_2)'!=''">
        <DCC_DebugInfoInExe>true</DCC_DebugInfoInExe>
        <DCC_Description>Copyright © 1998-2012 F.W. Pritchard &amp; A.M. Stokes. All Rights Reserved.</DCC_Description>
        <DCC_BplOutput>C:\Doc\RAD Studio\Projects\Projects\Bpl</DCC_BplOutput>
        <DCC_ExeOutput>C:\Doc\RAD Studio\Projects\Rail Data Files</DCC_ExeOutput>
        <DCC_Define>DEBUG;$(DCC_Define)</DCC_Define>
        <DCC_GenerateStackFrames>true</DCC_GenerateStackFrames>
    </PropertyGroup>
    <PropertyGroup Condition="'$(Cfg_2_Win32)'!=''">
        <Icon_MainIcon>..\Rail\Rail.ico</Icon_MainIcon>
        <VerInfo_MajorVer>1</VerInfo_MajorVer>
        <VerInfo_Locale>1033</VerInfo_Locale>
        <VerInfo_Build>0</VerInfo_Build>
        <VerInfo_Keys>CompanyName=;FileDescription=;FileVersion=1.0.0.0;InternalName=;LegalCopyright=;LegalTrademarks=;OriginalFilename=;ProductName=;ProductVersion=1.0.0.0;Comments=</VerInfo_Keys>
        <Debugger_RunParams>/;rdc=on /nosplash /;fds /;rd /;s /tr /test /;LOCATIONOCCUPATIONWINDOW /;runtestunit /logtime=off /w- /d+ /a-</Debugger_RunParams>
    </PropertyGroup>
    <ItemGroup>
        <DelphiCompile Include="$(MainSource)">
            <MainSource>MainSource</MainSource>
        </DelphiCompile>
        <DCCReference Include="Raildraw.pas">
            <Form>MainWindow</Form>
        </DCCReference>
        <DCCReference Include="Diagrams.pas">
            <Form>DiagramsWindow</Form>
        </DCCReference>
        <DCCReference Include="MiscUtils.pas">
            <Form>DebugWindow</Form>
        </DCCReference>
        <DCCReference Include="RDC.pas"/>
        <DCCReference Include="Input.pas">
            <Form>InputDialogueBox</Form>
        </DCCReference>
        <DCCReference Include="Feedback.pas">
            <Form>FeedbackWindow</Form>
        </DCCReference>
        <DCCReference Include="Startup.pas">
            <Form>DebuggingOptionsWindow</Form>
        </DCCReference>
        <DCCReference Include="Cuneo.pas">
            <Form>CuneoWindow</Form>
        </DCCReference>
        <DCCReference Include="Locks.pas">
            <Form>LockListWindow</Form>
        </DCCReference>
        <DCCReference Include="TCPIP.pas">
            <Form>TCPIPForm</Form>
            <FormType>dfm</FormType>
        </DCCReference>
        <DCCReference Include="Lenz.pas">
            <Form>LenzWindow</Form>
        </DCCReference>
        <DCCReference Include="LocoUtils.pas">
            <Form>LocoUtilsWindow</Form>
        </DCCReference>
        <DCCReference Include="InitVars.pas">
            <Form>InitVarsWindow</Form>
        </DCCReference>
        <DCCReference Include="GetTime.pas">
            <Form>ClockWindow</Form>
        </DCCReference>
        <DCCReference Include="Movement.pas">
            <Form>MovementWindow</Form>
        </DCCReference>
        <DCCReference Include="Route.pas">
            <Form>RouteWindow</Form>
        </DCCReference>
        <DCCReference Include="Splash.pas">
            <Form>Splash</Form>
        </DCCReference>
        <DCCReference Include="CreateRoute.pas">
            <Form>CreateRouteDisplayColoursWindow</Form>
        </DCCReference>
        <DCCReference Include="TestUnit.pas">
            <Form>TestUnitForm</Form>
        </DCCReference>
        <DCCReference Include="StationMonitors.pas">
            <Form>StationMonitorsWindow</Form>
        </DCCReference>
        <DCCReference Include="ProgressBar.pas">
            <Form>RoutesWritingProgressBarWindow</Form>
        </DCCReference>
        <DCCReference Include="LocoDialogue.pas">
            <Form>LocoDialogueWindow</Form>
        </DCCReference>
        <DCCReference Include="Help.pas">
            <Form>HelpWindow</Form>
        </DCCReference>
        <DCCReference Include="IniFiles.pas"/>
        <DCCReference Include="LocationData.pas">
            <Form>LocationDataWindow</Form>
        </DCCReference>
        <DCCReference Include="FWPShowMessageUnit.pas">
            <Form>FWPShowMessageWindow</Form>
        </DCCReference>
        <DCCReference Include="Replay.pas">
            <Form>ReplayForm</Form>
        </DCCReference>
        <DCCReference Include="Options.pas">
            <Form>OptionsWindow</Form>
        </DCCReference>
        <DCCReference Include="Edit.pas">
            <Form>EditWindow</Form>
        </DCCReference>
        <DCCReference Include="WorkingTimetable.pas">
            <Form>WorkingTimetableWindow</Form>
        </DCCReference>
        <BuildConfiguration Include="Debug">
            <Key>Cfg_2</Key>
            <CfgParent>Base</CfgParent>
        </BuildConfiguration>
        <BuildConfiguration Include="Base">
            <Key>Base</Key>
        </BuildConfiguration>
        <BuildConfiguration Include="Release">
            <Key>Cfg_1</Key>
            <CfgParent>Base</CfgParent>
        </BuildConfiguration>
    </ItemGroup>
    <Import Condition="Exists('$(BDS)\Bin\CodeGear.Delphi.Targets')" Project="$(BDS)\Bin\CodeGear.Delphi.Targets"/>
    <Import Condition="Exists('$(APPDATA)\Embarcadero\$(BDSAPPDATABASEDIR)\$(PRODUCTVERSION)\UserTools.proj')" Project="$(APPDATA)\Embarcadero\$(BDSAPPDATABASEDIR)\$(PRODUCTVERSION)\UserTools.proj"/>
    <ProjectExtensions>
        <Borland.Personality>Delphi.Personality.12</Borland.Personality>
        <Borland.ProjectType>VCLApplication</Borland.ProjectType>
        <BorlandProject>
            <Delphi.Personality>
                <Source>
                    <Source Name="MainSource">Rail.dpr</Source>
                </Source>
                <Parameters>
                    <Parameters Name="RunParams">/com:14,b:19200 /usb:15:mainport /;rdc=on /nosplash /;fds /;rd /;s /tr /test /;LOCATIONOCCUPATIONWINDOW /;runtestunit /logtime=off /w- /d+ /a-</Parameters>
                    <Parameters Name="IncludeSystemVars">True</Parameters>
                </Parameters>
                <VersionInfo>
                    <VersionInfo Name="IncludeVerInfo">True</VersionInfo>
                    <VersionInfo Name="AutoIncBuild">True</VersionInfo>
                    <VersionInfo Name="MajorVer">7</VersionInfo>
                    <VersionInfo Name="MinorVer">0</VersionInfo>
                    <VersionInfo Name="Release">0</VersionInfo>
                    <VersionInfo Name="Build">59</VersionInfo>
                    <VersionInfo Name="Debug">True</VersionInfo>
                    <VersionInfo Name="PreRelease">False</VersionInfo>
                    <VersionInfo Name="Special">False</VersionInfo>
                    <VersionInfo Name="Private">False</VersionInfo>
                    <VersionInfo Name="DLL">False</VersionInfo>
                    <VersionInfo Name="Locale">2057</VersionInfo>
                    <VersionInfo Name="CodePage">1252</VersionInfo>
                </VersionInfo>
                <VersionInfoKeys>
                    <VersionInfoKeys Name="CompanyName">FWP &amp; AMS Software Inc.</VersionInfoKeys>
                    <VersionInfoKeys Name="FileDescription">FWP&apos;&apos;s Railway Program</VersionInfoKeys>
                    <VersionInfoKeys Name="FileVersion">7.0.0.59</VersionInfoKeys>
                    <VersionInfoKeys Name="InternalName">Persephone</VersionInfoKeys>
                    <VersionInfoKeys Name="LegalCopyright">© 1998-2013 F.W. Pritchard &amp; A.M. Stokes. All Rights Reserved</VersionInfoKeys>
                    <VersionInfoKeys Name="LegalTrademarks">FWP Rail</VersionInfoKeys>
                    <VersionInfoKeys Name="OriginalFilename">Rail.pas</VersionInfoKeys>
                    <VersionInfoKeys Name="ProductName">FWP&apos;s Rail</VersionInfoKeys>
                    <VersionInfoKeys Name="ProductVersion">2.0</VersionInfoKeys>
                    <VersionInfoKeys Name="Comments">Cor! It&apos;s Brilliant!</VersionInfoKeys>
                </VersionInfoKeys>
                <Excluded_Packages>
                    <Excluded_Packages Name="$(BDSBIN)\dcloffice2k190.bpl">Microsoft Office 2000 Sample Automation Server Wrapper Components</Excluded_Packages>
                    <Excluded_Packages Name="$(BDSBIN)\dclofficexp190.bpl">Microsoft Office XP Sample Automation Server Wrapper Components</Excluded_Packages>
                </Excluded_Packages>
                <DebugEnvironmentVariables>
                    <DebugEnvironmentVariables Name="TEMP">&apos;C:\Temp&apos;</DebugEnvironmentVariables>
                    <DebugEnvironmentVariables Name="TMP">&apos;C:\Temp&apos;</DebugEnvironmentVariables>
                </DebugEnvironmentVariables>
            </Delphi.Personality>
            <Platforms>
                <Platform value="Win32">True</Platform>
                <Platform value="Win64">False</Platform>
            </Platforms>
        </BorlandProject>
        <ProjectFileVersion>12</ProjectFileVersion>
    </ProjectExtensions>
</Project>
